{
    __meta__ = {
        version = "1.0"
    },
    ["windows|x64"] = {
        ["cmake#f56260b5"] = {
            repo = {
                branch = "master",
                commit = "9c9123d6e1e9e226ffed298477eafc21acd51415",
                url = "https://github.com/xmake-io/xmake-repo.git"
            },
            version = "4.2.3"
        },
        ["ninja#f56260b5"] = {
            repo = {
                branch = "master",
                commit = "9c9123d6e1e9e226ffed298477eafc21acd51415",
                url = "https://github.com/xmake-io/xmake-repo.git"
            },
            version = "v1.13.1"
        },
        ["rapidcsv#f56260b5"] = {
            repo = {
                branch = "master",
                commit = "9c9123d6e1e9e226ffed298477eafc21acd51415",
                url = "https://github.com/xmake-io/xmake-repo.git"
            },
            version = "v8.92"
        },
        ["spdlog#09c8c173"] = {
            repo = {
                branch = "master",
                commit = "9c9123d6e1e9e226ffed298477eafc21acd51415",
                url = "https://github.com/xmake-io/xmake-repo.git"
            },
            version = "v1.17.0"
        }
    }
}